
Microsoft Visual Studio Solution File, Format Version 12.00
# Visual Studio 14
VisualStudioVersion = 14.0.25123.0
MinimumVisualStudioVersion = 10.0.40219.1
Project("{FAE04EC0-301F-11D3-BF4B-00C04F79EFBC}") = "Yburn", "Yburn\Yburn.csproj", "{EB474E7F-D6F1-408D-A30B-CF662B311C93}"
EndProject
Project("{FAE04EC0-301F-11D3-BF4B-00C04F79EFBC}") = "QQState", "QQState\QQState.csproj", "{3A5B70F6-B463-45F2-982A-3BCE9EB9F247}"
EndProject
Project("{FAE04EC0-301F-11D3-BF4B-00C04F79EFBC}") = "Fireball", "Fireball\Fireball.csproj", "{38653203-8C76-4F0C-9D56-171D1D1CF775}"
EndProject
Project("{FAE04EC0-301F-11D3-BF4B-00C04F79EFBC}") = "Workers", "Workers\Workers.csproj", "{CDE3FC2A-A046-466F-AFE6-9B6C860552FA}"
EndProject
Project("{FAE04EC0-301F-11D3-BF4B-00C04F79EFBC}") = "Yburn.UI", "Yburn.UI\Yburn.UI.csproj", "{5D018A3B-A201-4940-ADCD-52704681B94D}"
EndProject
Project("{FAE04EC0-301F-11D3-BF4B-00C04F79EFBC}") = "Yburn.Tests", "Yburn.Tests\Yburn.Tests.csproj", "{FED4084F-7CC4-4BE6-8077-69F037F458D0}"
EndProject
Project("{FAE04EC0-301F-11D3-BF4B-00C04F79EFBC}") = "Interfaces", "Interfaces\Interfaces.csproj", "{742600E8-00EF-4A05-BB96-31449AE45336}"
EndProject
Project("{FAE04EC0-301F-11D3-BF4B-00C04F79EFBC}") = "Yburn.UI.Tests", "Yburn.UI.Tests\Yburn.UI.Tests.csproj", "{E88372D7-EB41-4BFC-AF9D-7647E3DEB0C8}"
EndProject
Project("{FAE04EC0-301F-11D3-BF4B-00C04F79EFBC}") = "YburnTests.Util", "YburnTest.Util\YburnTests.Util.csproj", "{E908B7FC-78BE-483A-B2FC-E52734275C45}"
EndProject
Project("{2150E333-8FDC-42A3-9474-1A3956D46DE8}") = "Tests", "Tests", "{B8B061BB-6921-4168-A0ED-2AE93E40E546}"
EndProject
Project("{FAE04EC0-301F-11D3-BF4B-00C04F79EFBC}") = "Fireball.Tests", "Fireball.Tests\Fireball.Tests.csproj", "{5FD3844F-5B5F-41E4-AEB5-9FA10D5CB373}"
EndProject
Project("{FAE04EC0-301F-11D3-BF4B-00C04F79EFBC}") = "QQState.Tests", "QQState.Tests\QQState.Tests.csproj", "{B37601D9-D4EA-4B48-9443-23846B7A6FE9}"
EndProject
Project("{2150E333-8FDC-42A3-9474-1A3956D46DE8}") = "UI", "UI", "{068EFD1E-00EC-4089-A75F-594A248C2407}"
EndProject
Project("{FAE04EC0-301F-11D3-BF4B-00C04F79EFBC}") = "InMediumDecayWidth.UI", "InMediumDecayWidth.UI\InMediumDecayWidth.UI.csproj", "{4030FCF5-0761-43F1-9E48-B5378F3FBB9C}"
EndProject
Project("{FAE04EC0-301F-11D3-BF4B-00C04F79EFBC}") = "QQonFire.UI", "QQonFire.UI\QQonFire.UI.csproj", "{19558F47-6F59-41B2-8BEC-A18FAB4E4950}"
EndProject
Project("{FAE04EC0-301F-11D3-BF4B-00C04F79EFBC}") = "SingleQQ.UI", "SingleQQ.UI\SingleQQ.UI.csproj", "{81965DFA-E1CC-4774-A4F1-5E4BB30FD6F9}"
EndProject
Project("{FAE04EC0-301F-11D3-BF4B-00C04F79EFBC}") = "Electromagnetism.UI", "Electromagnetism.UI\Electromagnetism.UI.csproj", "{EA6A6458-F7F4-4F6B-B040-63263420D1F4}"
EndProject
Project("{FAE04EC0-301F-11D3-BF4B-00C04F79EFBC}") = "Util", "Util\Util.csproj", "{59E7BC95-ADEE-49AC-A6C8-4DF0F322209E}"
EndProject
Project("{FAE04EC0-301F-11D3-BF4B-00C04F79EFBC}") = "Workers.Tests", "Workers.Tests\Workers.Tests.csproj", "{6E24CED1-492B-4069-B92A-3100AA80F7D1}"
EndProject
Project("{2150E333-8FDC-42A3-9474-1A3956D46DE8}") = "Physics", "Physics", "{8B96EE80-BB25-4C1D-8A92-94C3DBEB5A69}"
EndProject
Global
	GlobalSection(SolutionConfigurationPlatforms) = preSolution
		Debug|Any CPU = Debug|Any CPU
		Debug|ARM = Debug|ARM
		Debug|x64 = Debug|x64
		Debug|x86 = Debug|x86
		Release|Any CPU = Release|Any CPU
		Release|ARM = Release|ARM
		Release|x64 = Release|x64
		Release|x86 = Release|x86
	EndGlobalSection
	GlobalSection(ProjectConfigurationPlatforms) = postSolution
		{EB474E7F-D6F1-408D-A30B-CF662B311C93}.Debug|Any CPU.ActiveCfg = Debug|Any CPU
		{EB474E7F-D6F1-408D-A30B-CF662B311C93}.Debug|Any CPU.Build.0 = Debug|Any CPU
		{EB474E7F-D6F1-408D-A30B-CF662B311C93}.Debug|ARM.ActiveCfg = Debug|Any CPU
		{EB474E7F-D6F1-408D-A30B-CF662B311C93}.Debug|x64.ActiveCfg = Debug|Any CPU
		{EB474E7F-D6F1-408D-A30B-CF662B311C93}.Debug|x86.ActiveCfg = Debug|Any CPU
		{EB474E7F-D6F1-408D-A30B-CF662B311C93}.Release|Any CPU.ActiveCfg = Release|Any CPU
		{EB474E7F-D6F1-408D-A30B-CF662B311C93}.Release|Any CPU.Build.0 = Release|Any CPU
		{EB474E7F-D6F1-408D-A30B-CF662B311C93}.Release|ARM.ActiveCfg = Release|Any CPU
		{EB474E7F-D6F1-408D-A30B-CF662B311C93}.Release|x64.ActiveCfg = Release|Any CPU
		{EB474E7F-D6F1-408D-A30B-CF662B311C93}.Release|x86.ActiveCfg = Release|Any CPU
		{3A5B70F6-B463-45F2-982A-3BCE9EB9F247}.Debug|Any CPU.ActiveCfg = Debug|Any CPU
		{3A5B70F6-B463-45F2-982A-3BCE9EB9F247}.Debug|Any CPU.Build.0 = Debug|Any CPU
		{3A5B70F6-B463-45F2-982A-3BCE9EB9F247}.Debug|ARM.ActiveCfg = Debug|Any CPU
		{3A5B70F6-B463-45F2-982A-3BCE9EB9F247}.Debug|x64.ActiveCfg = Debug|Any CPU
		{3A5B70F6-B463-45F2-982A-3BCE9EB9F247}.Debug|x86.ActiveCfg = Debug|Any CPU
		{3A5B70F6-B463-45F2-982A-3BCE9EB9F247}.Release|Any CPU.ActiveCfg = Release|Any CPU
		{3A5B70F6-B463-45F2-982A-3BCE9EB9F247}.Release|Any CPU.Build.0 = Release|Any CPU
		{3A5B70F6-B463-45F2-982A-3BCE9EB9F247}.Release|ARM.ActiveCfg = Release|Any CPU
		{3A5B70F6-B463-45F2-982A-3BCE9EB9F247}.Release|x64.ActiveCfg = Release|Any CPU
		{3A5B70F6-B463-45F2-982A-3BCE9EB9F247}.Release|x86.ActiveCfg = Release|Any CPU
		{38653203-8C76-4F0C-9D56-171D1D1CF775}.Debug|Any CPU.ActiveCfg = Debug|Any CPU
		{38653203-8C76-4F0C-9D56-171D1D1CF775}.Debug|Any CPU.Build.0 = Debug|Any CPU
		{38653203-8C76-4F0C-9D56-171D1D1CF775}.Debug|ARM.ActiveCfg = Debug|Any CPU
		{38653203-8C76-4F0C-9D56-171D1D1CF775}.Debug|x64.ActiveCfg = Debug|Any CPU
		{38653203-8C76-4F0C-9D56-171D1D1CF775}.Debug|x86.ActiveCfg = Debug|Any CPU
		{38653203-8C76-4F0C-9D56-171D1D1CF775}.Release|Any CPU.ActiveCfg = Release|Any CPU
		{38653203-8C76-4F0C-9D56-171D1D1CF775}.Release|Any CPU.Build.0 = Release|Any CPU
		{38653203-8C76-4F0C-9D56-171D1D1CF775}.Release|ARM.ActiveCfg = Release|Any CPU
		{38653203-8C76-4F0C-9D56-171D1D1CF775}.Release|x64.ActiveCfg = Release|Any CPU
		{38653203-8C76-4F0C-9D56-171D1D1CF775}.Release|x86.ActiveCfg = Release|Any CPU
		{CDE3FC2A-A046-466F-AFE6-9B6C860552FA}.Debug|Any CPU.ActiveCfg = Debug|Any CPU
		{CDE3FC2A-A046-466F-AFE6-9B6C860552FA}.Debug|Any CPU.Build.0 = Debug|Any CPU
		{CDE3FC2A-A046-466F-AFE6-9B6C860552FA}.Debug|ARM.ActiveCfg = Debug|Any CPU
		{CDE3FC2A-A046-466F-AFE6-9B6C860552FA}.Debug|x64.ActiveCfg = Debug|Any CPU
		{CDE3FC2A-A046-466F-AFE6-9B6C860552FA}.Debug|x86.ActiveCfg = Debug|Any CPU
		{CDE3FC2A-A046-466F-AFE6-9B6C860552FA}.Release|Any CPU.ActiveCfg = Release|Any CPU
		{CDE3FC2A-A046-466F-AFE6-9B6C860552FA}.Release|Any CPU.Build.0 = Release|Any CPU
		{CDE3FC2A-A046-466F-AFE6-9B6C860552FA}.Release|ARM.ActiveCfg = Release|Any CPU
		{CDE3FC2A-A046-466F-AFE6-9B6C860552FA}.Release|x64.ActiveCfg = Release|Any CPU
		{CDE3FC2A-A046-466F-AFE6-9B6C860552FA}.Release|x86.ActiveCfg = Release|Any CPU
		{5D018A3B-A201-4940-ADCD-52704681B94D}.Debug|Any CPU.ActiveCfg = Debug|Any CPU
		{5D018A3B-A201-4940-ADCD-52704681B94D}.Debug|Any CPU.Build.0 = Debug|Any CPU
		{5D018A3B-A201-4940-ADCD-52704681B94D}.Debug|ARM.ActiveCfg = Debug|Any CPU
		{5D018A3B-A201-4940-ADCD-52704681B94D}.Debug|x64.ActiveCfg = Debug|Any CPU
		{5D018A3B-A201-4940-ADCD-52704681B94D}.Debug|x86.ActiveCfg = Debug|Any CPU
		{5D018A3B-A201-4940-ADCD-52704681B94D}.Release|Any CPU.ActiveCfg = Release|Any CPU
		{5D018A3B-A201-4940-ADCD-52704681B94D}.Release|Any CPU.Build.0 = Release|Any CPU
		{5D018A3B-A201-4940-ADCD-52704681B94D}.Release|ARM.ActiveCfg = Release|Any CPU
		{5D018A3B-A201-4940-ADCD-52704681B94D}.Release|x64.ActiveCfg = Release|Any CPU
		{5D018A3B-A201-4940-ADCD-52704681B94D}.Release|x86.ActiveCfg = Release|Any CPU
		{FED4084F-7CC4-4BE6-8077-69F037F458D0}.Debug|Any CPU.ActiveCfg = Debug|Any CPU
		{FED4084F-7CC4-4BE6-8077-69F037F458D0}.Debug|Any CPU.Build.0 = Debug|Any CPU
		{FED4084F-7CC4-4BE6-8077-69F037F458D0}.Debug|ARM.ActiveCfg = Debug|Any CPU
		{FED4084F-7CC4-4BE6-8077-69F037F458D0}.Debug|x64.ActiveCfg = Debug|Any CPU
		{FED4084F-7CC4-4BE6-8077-69F037F458D0}.Debug|x86.ActiveCfg = Debug|Any CPU
		{FED4084F-7CC4-4BE6-8077-69F037F458D0}.Release|Any CPU.ActiveCfg = Release|Any CPU
		{FED4084F-7CC4-4BE6-8077-69F037F458D0}.Release|Any CPU.Build.0 = Release|Any CPU
		{FED4084F-7CC4-4BE6-8077-69F037F458D0}.Release|ARM.ActiveCfg = Release|Any CPU
		{FED4084F-7CC4-4BE6-8077-69F037F458D0}.Release|x64.ActiveCfg = Release|Any CPU
		{FED4084F-7CC4-4BE6-8077-69F037F458D0}.Release|x86.ActiveCfg = Release|Any CPU
		{742600E8-00EF-4A05-BB96-31449AE45336}.Debug|Any CPU.ActiveCfg = Debug|Any CPU
		{742600E8-00EF-4A05-BB96-31449AE45336}.Debug|Any CPU.Build.0 = Debug|Any CPU
		{742600E8-00EF-4A05-BB96-31449AE45336}.Debug|ARM.ActiveCfg = Debug|Any CPU
		{742600E8-00EF-4A05-BB96-31449AE45336}.Debug|x64.ActiveCfg = Debug|Any CPU
		{742600E8-00EF-4A05-BB96-31449AE45336}.Debug|x86.ActiveCfg = Debug|Any CPU
		{742600E8-00EF-4A05-BB96-31449AE45336}.Release|Any CPU.ActiveCfg = Release|Any CPU
		{742600E8-00EF-4A05-BB96-31449AE45336}.Release|Any CPU.Build.0 = Release|Any CPU
		{742600E8-00EF-4A05-BB96-31449AE45336}.Release|ARM.ActiveCfg = Release|Any CPU
		{742600E8-00EF-4A05-BB96-31449AE45336}.Release|x64.ActiveCfg = Release|Any CPU
		{742600E8-00EF-4A05-BB96-31449AE45336}.Release|x86.ActiveCfg = Release|Any CPU
		{E88372D7-EB41-4BFC-AF9D-7647E3DEB0C8}.Debug|Any CPU.ActiveCfg = Debug|Any CPU
		{E88372D7-EB41-4BFC-AF9D-7647E3DEB0C8}.Debug|Any CPU.Build.0 = Debug|Any CPU
		{E88372D7-EB41-4BFC-AF9D-7647E3DEB0C8}.Debug|ARM.ActiveCfg = Debug|Any CPU
		{E88372D7-EB41-4BFC-AF9D-7647E3DEB0C8}.Debug|x64.ActiveCfg = Debug|Any CPU
		{E88372D7-EB41-4BFC-AF9D-7647E3DEB0C8}.Debug|x86.ActiveCfg = Debug|Any CPU
		{E88372D7-EB41-4BFC-AF9D-7647E3DEB0C8}.Release|Any CPU.ActiveCfg = Release|Any CPU
		{E88372D7-EB41-4BFC-AF9D-7647E3DEB0C8}.Release|Any CPU.Build.0 = Release|Any CPU
		{E88372D7-EB41-4BFC-AF9D-7647E3DEB0C8}.Release|ARM.ActiveCfg = Release|Any CPU
		{E88372D7-EB41-4BFC-AF9D-7647E3DEB0C8}.Release|x64.ActiveCfg = Release|Any CPU
		{E88372D7-EB41-4BFC-AF9D-7647E3DEB0C8}.Release|x86.ActiveCfg = Release|Any CPU
		{E908B7FC-78BE-483A-B2FC-E52734275C45}.Debug|Any CPU.ActiveCfg = Debug|Any CPU
		{E908B7FC-78BE-483A-B2FC-E52734275C45}.Debug|Any CPU.Build.0 = Debug|Any CPU
		{E908B7FC-78BE-483A-B2FC-E52734275C45}.Debug|ARM.ActiveCfg = Debug|Any CPU
		{E908B7FC-78BE-483A-B2FC-E52734275C45}.Debug|x64.ActiveCfg = Debug|Any CPU
		{E908B7FC-78BE-483A-B2FC-E52734275C45}.Debug|x86.ActiveCfg = Debug|Any CPU
		{E908B7FC-78BE-483A-B2FC-E52734275C45}.Release|Any CPU.ActiveCfg = Release|Any CPU
		{E908B7FC-78BE-483A-B2FC-E52734275C45}.Release|Any CPU.Build.0 = Release|Any CPU
		{E908B7FC-78BE-483A-B2FC-E52734275C45}.Release|ARM.ActiveCfg = Release|Any CPU
		{E908B7FC-78BE-483A-B2FC-E52734275C45}.Release|x64.ActiveCfg = Release|Any CPU
		{E908B7FC-78BE-483A-B2FC-E52734275C45}.Release|x86.ActiveCfg = Release|Any CPU
		{5FD3844F-5B5F-41E4-AEB5-9FA10D5CB373}.Debug|Any CPU.ActiveCfg = Debug|Any CPU
		{5FD3844F-5B5F-41E4-AEB5-9FA10D5CB373}.Debug|Any CPU.Build.0 = Debug|Any CPU
		{5FD3844F-5B5F-41E4-AEB5-9FA10D5CB373}.Debug|ARM.ActiveCfg = Debug|Any CPU
		{5FD3844F-5B5F-41E4-AEB5-9FA10D5CB373}.Debug|x64.ActiveCfg = Debug|Any CPU
		{5FD3844F-5B5F-41E4-AEB5-9FA10D5CB373}.Debug|x86.ActiveCfg = Debug|Any CPU
		{5FD3844F-5B5F-41E4-AEB5-9FA10D5CB373}.Release|Any CPU.ActiveCfg = Release|Any CPU
		{5FD3844F-5B5F-41E4-AEB5-9FA10D5CB373}.Release|Any CPU.Build.0 = Release|Any CPU
		{5FD3844F-5B5F-41E4-AEB5-9FA10D5CB373}.Release|ARM.ActiveCfg = Release|Any CPU
		{5FD3844F-5B5F-41E4-AEB5-9FA10D5CB373}.Release|x64.ActiveCfg = Release|Any CPU
		{5FD3844F-5B5F-41E4-AEB5-9FA10D5CB373}.Release|x86.ActiveCfg = Release|Any CPU
		{B37601D9-D4EA-4B48-9443-23846B7A6FE9}.Debug|Any CPU.ActiveCfg = Debug|Any CPU
		{B37601D9-D4EA-4B48-9443-23846B7A6FE9}.Debug|Any CPU.Build.0 = Debug|Any CPU
		{B37601D9-D4EA-4B48-9443-23846B7A6FE9}.Debug|ARM.ActiveCfg = Debug|Any CPU
		{B37601D9-D4EA-4B48-9443-23846B7A6FE9}.Debug|x64.ActiveCfg = Debug|Any CPU
		{B37601D9-D4EA-4B48-9443-23846B7A6FE9}.Debug|x86.ActiveCfg = Debug|Any CPU
		{B37601D9-D4EA-4B48-9443-23846B7A6FE9}.Release|Any CPU.ActiveCfg = Release|Any CPU
		{B37601D9-D4EA-4B48-9443-23846B7A6FE9}.Release|Any CPU.Build.0 = Release|Any CPU
		{B37601D9-D4EA-4B48-9443-23846B7A6FE9}.Release|ARM.ActiveCfg = Release|Any CPU
		{B37601D9-D4EA-4B48-9443-23846B7A6FE9}.Release|x64.ActiveCfg = Release|Any CPU
		{B37601D9-D4EA-4B48-9443-23846B7A6FE9}.Release|x86.ActiveCfg = Release|Any CPU
		{4030FCF5-0761-43F1-9E48-B5378F3FBB9C}.Debug|Any CPU.ActiveCfg = Debug|Any CPU
		{4030FCF5-0761-43F1-9E48-B5378F3FBB9C}.Debug|Any CPU.Build.0 = Debug|Any CPU
		{4030FCF5-0761-43F1-9E48-B5378F3FBB9C}.Debug|ARM.ActiveCfg = Debug|Any CPU
		{4030FCF5-0761-43F1-9E48-B5378F3FBB9C}.Debug|ARM.Build.0 = Debug|Any CPU
		{4030FCF5-0761-43F1-9E48-B5378F3FBB9C}.Debug|x64.ActiveCfg = Debug|Any CPU
		{4030FCF5-0761-43F1-9E48-B5378F3FBB9C}.Debug|x64.Build.0 = Debug|Any CPU
		{4030FCF5-0761-43F1-9E48-B5378F3FBB9C}.Debug|x86.ActiveCfg = Debug|Any CPU
		{4030FCF5-0761-43F1-9E48-B5378F3FBB9C}.Debug|x86.Build.0 = Debug|Any CPU
		{4030FCF5-0761-43F1-9E48-B5378F3FBB9C}.Release|Any CPU.ActiveCfg = Release|Any CPU
		{4030FCF5-0761-43F1-9E48-B5378F3FBB9C}.Release|Any CPU.Build.0 = Release|Any CPU
		{4030FCF5-0761-43F1-9E48-B5378F3FBB9C}.Release|ARM.ActiveCfg = Release|Any CPU
		{4030FCF5-0761-43F1-9E48-B5378F3FBB9C}.Release|ARM.Build.0 = Release|Any CPU
		{4030FCF5-0761-43F1-9E48-B5378F3FBB9C}.Release|x64.ActiveCfg = Release|Any CPU
		{4030FCF5-0761-43F1-9E48-B5378F3FBB9C}.Release|x64.Build.0 = Release|Any CPU
		{4030FCF5-0761-43F1-9E48-B5378F3FBB9C}.Release|x86.ActiveCfg = Release|Any CPU
		{4030FCF5-0761-43F1-9E48-B5378F3FBB9C}.Release|x86.Build.0 = Release|Any CPU
		{19558F47-6F59-41B2-8BEC-A18FAB4E4950}.Debug|Any CPU.ActiveCfg = Debug|Any CPU
		{19558F47-6F59-41B2-8BEC-A18FAB4E4950}.Debug|Any CPU.Build.0 = Debug|Any CPU
		{19558F47-6F59-41B2-8BEC-A18FAB4E4950}.Debug|ARM.ActiveCfg = Debug|Any CPU
		{19558F47-6F59-41B2-8BEC-A18FAB4E4950}.Debug|ARM.Build.0 = Debug|Any CPU
		{19558F47-6F59-41B2-8BEC-A18FAB4E4950}.Debug|x64.ActiveCfg = Debug|Any CPU
		{19558F47-6F59-41B2-8BEC-A18FAB4E4950}.Debug|x64.Build.0 = Debug|Any CPU
		{19558F47-6F59-41B2-8BEC-A18FAB4E4950}.Debug|x86.ActiveCfg = Debug|Any CPU
		{19558F47-6F59-41B2-8BEC-A18FAB4E4950}.Debug|x86.Build.0 = Debug|Any CPU
		{19558F47-6F59-41B2-8BEC-A18FAB4E4950}.Release|Any CPU.ActiveCfg = Release|Any CPU
		{19558F47-6F59-41B2-8BEC-A18FAB4E4950}.Release|Any CPU.Build.0 = Release|Any CPU
		{19558F47-6F59-41B2-8BEC-A18FAB4E4950}.Release|ARM.ActiveCfg = Release|Any CPU
		{19558F47-6F59-41B2-8BEC-A18FAB4E4950}.Release|ARM.Build.0 = Release|Any CPU
		{19558F47-6F59-41B2-8BEC-A18FAB4E4950}.Release|x64.ActiveCfg = Release|Any CPU
		{19558F47-6F59-41B2-8BEC-A18FAB4E4950}.Release|x64.Build.0 = Release|Any CPU
		{19558F47-6F59-41B2-8BEC-A18FAB4E4950}.Release|x86.ActiveCfg = Release|Any CPU
		{19558F47-6F59-41B2-8BEC-A18FAB4E4950}.Release|x86.Build.0 = Release|Any CPU
		{81965DFA-E1CC-4774-A4F1-5E4BB30FD6F9}.Debug|Any CPU.ActiveCfg = Debug|Any CPU
		{81965DFA-E1CC-4774-A4F1-5E4BB30FD6F9}.Debug|Any CPU.Build.0 = Debug|Any CPU
		{81965DFA-E1CC-4774-A4F1-5E4BB30FD6F9}.Debug|ARM.ActiveCfg = Debug|Any CPU
		{81965DFA-E1CC-4774-A4F1-5E4BB30FD6F9}.Debug|ARM.Build.0 = Debug|Any CPU
		{81965DFA-E1CC-4774-A4F1-5E4BB30FD6F9}.Debug|x64.ActiveCfg = Debug|Any CPU
		{81965DFA-E1CC-4774-A4F1-5E4BB30FD6F9}.Debug|x64.Build.0 = Debug|Any CPU
		{81965DFA-E1CC-4774-A4F1-5E4BB30FD6F9}.Debug|x86.ActiveCfg = Debug|Any CPU
		{81965DFA-E1CC-4774-A4F1-5E4BB30FD6F9}.Debug|x86.Build.0 = Debug|Any CPU
		{81965DFA-E1CC-4774-A4F1-5E4BB30FD6F9}.Release|Any CPU.ActiveCfg = Release|Any CPU
		{81965DFA-E1CC-4774-A4F1-5E4BB30FD6F9}.Release|Any CPU.Build.0 = Release|Any CPU
		{81965DFA-E1CC-4774-A4F1-5E4BB30FD6F9}.Release|ARM.ActiveCfg = Release|Any CPU
		{81965DFA-E1CC-4774-A4F1-5E4BB30FD6F9}.Release|ARM.Build.0 = Release|Any CPU
		{81965DFA-E1CC-4774-A4F1-5E4BB30FD6F9}.Release|x64.ActiveCfg = Release|Any CPU
		{81965DFA-E1CC-4774-A4F1-5E4BB30FD6F9}.Release|x64.Build.0 = Release|Any CPU
		{81965DFA-E1CC-4774-A4F1-5E4BB30FD6F9}.Release|x86.ActiveCfg = Release|Any CPU
		{81965DFA-E1CC-4774-A4F1-5E4BB30FD6F9}.Release|x86.Build.0 = Release|Any CPU
		{EA6A6458-F7F4-4F6B-B040-63263420D1F4}.Debug|Any CPU.ActiveCfg = Debug|Any CPU
		{EA6A6458-F7F4-4F6B-B040-63263420D1F4}.Debug|Any CPU.Build.0 = Debug|Any CPU
		{EA6A6458-F7F4-4F6B-B040-63263420D1F4}.Debug|ARM.ActiveCfg = Debug|Any CPU
		{EA6A6458-F7F4-4F6B-B040-63263420D1F4}.Debug|ARM.Build.0 = Debug|Any CPU
		{EA6A6458-F7F4-4F6B-B040-63263420D1F4}.Debug|x64.ActiveCfg = Debug|Any CPU
		{EA6A6458-F7F4-4F6B-B040-63263420D1F4}.Debug|x64.Build.0 = Debug|Any CPU
		{EA6A6458-F7F4-4F6B-B040-63263420D1F4}.Debug|x86.ActiveCfg = Debug|Any CPU
		{EA6A6458-F7F4-4F6B-B040-63263420D1F4}.Debug|x86.Build.0 = Debug|Any CPU
		{EA6A6458-F7F4-4F6B-B040-63263420D1F4}.Release|Any CPU.ActiveCfg = Release|Any CPU
		{EA6A6458-F7F4-4F6B-B040-63263420D1F4}.Release|Any CPU.Build.0 = Release|Any CPU
		{EA6A6458-F7F4-4F6B-B040-63263420D1F4}.Release|ARM.ActiveCfg = Release|Any CPU
		{EA6A6458-F7F4-4F6B-B040-63263420D1F4}.Release|ARM.Build.0 = Release|Any CPU
		{EA6A6458-F7F4-4F6B-B040-63263420D1F4}.Release|x64.ActiveCfg = Release|Any CPU
		{EA6A6458-F7F4-4F6B-B040-63263420D1F4}.Release|x64.Build.0 = Release|Any CPU
		{EA6A6458-F7F4-4F6B-B040-63263420D1F4}.Release|x86.ActiveCfg = Release|Any CPU
		{EA6A6458-F7F4-4F6B-B040-63263420D1F4}.Release|x86.Build.0 = Release|Any CPU
		{59E7BC95-ADEE-49AC-A6C8-4DF0F322209E}.Debug|Any CPU.ActiveCfg = Debug|Any CPU
		{59E7BC95-ADEE-49AC-A6C8-4DF0F322209E}.Debug|Any CPU.Build.0 = Debug|Any CPU
		{59E7BC95-ADEE-49AC-A6C8-4DF0F322209E}.Debug|ARM.ActiveCfg = Debug|Any CPU
		{59E7BC95-ADEE-49AC-A6C8-4DF0F322209E}.Debug|ARM.Build.0 = Debug|Any CPU
		{59E7BC95-ADEE-49AC-A6C8-4DF0F322209E}.Debug|x64.ActiveCfg = Debug|Any CPU
		{59E7BC95-ADEE-49AC-A6C8-4DF0F322209E}.Debug|x64.Build.0 = Debug|Any CPU
		{59E7BC95-ADEE-49AC-A6C8-4DF0F322209E}.Debug|x86.ActiveCfg = Debug|Any CPU
		{59E7BC95-ADEE-49AC-A6C8-4DF0F322209E}.Debug|x86.Build.0 = Debug|Any CPU
		{59E7BC95-ADEE-49AC-A6C8-4DF0F322209E}.Release|Any CPU.ActiveCfg = Release|Any CPU
		{59E7BC95-ADEE-49AC-A6C8-4DF0F322209E}.Release|Any CPU.Build.0 = Release|Any CPU
		{59E7BC95-ADEE-49AC-A6C8-4DF0F322209E}.Release|ARM.ActiveCfg = Release|Any CPU
		{59E7BC95-ADEE-49AC-A6C8-4DF0F322209E}.Release|ARM.Build.0 = Release|Any CPU
		{59E7BC95-ADEE-49AC-A6C8-4DF0F322209E}.Release|x64.ActiveCfg = Release|Any CPU
		{59E7BC95-ADEE-49AC-A6C8-4DF0F322209E}.Release|x64.Build.0 = Release|Any CPU
		{59E7BC95-ADEE-49AC-A6C8-4DF0F322209E}.Release|x86.ActiveCfg = Release|Any CPU
		{59E7BC95-ADEE-49AC-A6C8-4DF0F322209E}.Release|x86.Build.0 = Release|Any CPU
		{6E24CED1-492B-4069-B92A-3100AA80F7D1}.Debug|Any CPU.ActiveCfg = Debug|Any CPU
		{6E24CED1-492B-4069-B92A-3100AA80F7D1}.Debug|Any CPU.Build.0 = Debug|Any CPU
		{6E24CED1-492B-4069-B92A-3100AA80F7D1}.Debug|ARM.ActiveCfg = Debug|Any CPU
		{6E24CED1-492B-4069-B92A-3100AA80F7D1}.Debug|ARM.Build.0 = Debug|Any CPU
		{6E24CED1-492B-4069-B92A-3100AA80F7D1}.Debug|x64.ActiveCfg = Debug|Any CPU
		{6E24CED1-492B-4069-B92A-3100AA80F7D1}.Debug|x64.Build.0 = Debug|Any CPU
		{6E24CED1-492B-4069-B92A-3100AA80F7D1}.Debug|x86.ActiveCfg = Debug|Any CPU
		{6E24CED1-492B-4069-B92A-3100AA80F7D1}.Debug|x86.Build.0 = Debug|Any CPU
		{6E24CED1-492B-4069-B92A-3100AA80F7D1}.Release|Any CPU.ActiveCfg = Release|Any CPU
		{6E24CED1-492B-4069-B92A-3100AA80F7D1}.Release|Any CPU.Build.0 = Release|Any CPU
		{6E24CED1-492B-4069-B92A-3100AA80F7D1}.Release|ARM.ActiveCfg = Release|Any CPU
		{6E24CED1-492B-4069-B92A-3100AA80F7D1}.Release|ARM.Build.0 = Release|Any CPU
		{6E24CED1-492B-4069-B92A-3100AA80F7D1}.Release|x64.ActiveCfg = Release|Any CPU
		{6E24CED1-492B-4069-B92A-3100AA80F7D1}.Release|x64.Build.0 = Release|Any CPU
		{6E24CED1-492B-4069-B92A-3100AA80F7D1}.Release|x86.ActiveCfg = Release|Any CPU
		{6E24CED1-492B-4069-B92A-3100AA80F7D1}.Release|x86.Build.0 = Release|Any CPU
	EndGlobalSection
	GlobalSection(SolutionProperties) = preSolution
		HideSolutionNode = FALSE
	EndGlobalSection
	GlobalSection(NestedProjects) = preSolution
		{3A5B70F6-B463-45F2-982A-3BCE9EB9F247} = {8B96EE80-BB25-4C1D-8A92-94C3DBEB5A69}
		{38653203-8C76-4F0C-9D56-171D1D1CF775} = {8B96EE80-BB25-4C1D-8A92-94C3DBEB5A69}
		{5D018A3B-A201-4940-ADCD-52704681B94D} = {068EFD1E-00EC-4089-A75F-594A248C2407}
		{FED4084F-7CC4-4BE6-8077-69F037F458D0} = {B8B061BB-6921-4168-A0ED-2AE93E40E546}
		{E88372D7-EB41-4BFC-AF9D-7647E3DEB0C8} = {B8B061BB-6921-4168-A0ED-2AE93E40E546}
		{E908B7FC-78BE-483A-B2FC-E52734275C45} = {B8B061BB-6921-4168-A0ED-2AE93E40E546}
		{5FD3844F-5B5F-41E4-AEB5-9FA10D5CB373} = {B8B061BB-6921-4168-A0ED-2AE93E40E546}
		{B37601D9-D4EA-4B48-9443-23846B7A6FE9} = {B8B061BB-6921-4168-A0ED-2AE93E40E546}
		{4030FCF5-0761-43F1-9E48-B5378F3FBB9C} = {068EFD1E-00EC-4089-A75F-594A248C2407}
		{19558F47-6F59-41B2-8BEC-A18FAB4E4950} = {068EFD1E-00EC-4089-A75F-594A248C2407}
		{81965DFA-E1CC-4774-A4F1-5E4BB30FD6F9} = {068EFD1E-00EC-4089-A75F-594A248C2407}
		{EA6A6458-F7F4-4F6B-B040-63263420D1F4} = {068EFD1E-00EC-4089-A75F-594A248C2407}
		{6E24CED1-492B-4069-B92A-3100AA80F7D1} = {B8B061BB-6921-4168-A0ED-2AE93E40E546}
	EndGlobalSection
EndGlobal
